// !$*UTF8*$!
{
	archiveVersion = 1;
	classes = {
	};
	objectVersion = 46;
	objects = {

/* Begin PBXBuildFile section */
		771C4A0B1A18D1FA004F4358 /* GetAllTimeLine.m in Sources */ = {isa = PBXBuildFile; fileRef = 771C4A0A1A18D1FA004F4358 /* GetAllTimeLine.m */; };
		7740FDA819FB2C2500C56F58 /* main.m in Sources */ = {isa = PBXBuildFile; fileRef = 7740FDA719FB2C2500C56F58 /* main.m */; };
		7740FDAB19FB2C2500C56F58 /* AppDelegate.m in Sources */ = {isa = PBXBuildFile; fileRef = 7740FDAA19FB2C2500C56F58 /* AppDelegate.m */; };
		7740FDAE19FB2C2500C56F58 /* ViewController.m in Sources */ = {isa = PBXBuildFile; fileRef = 7740FDAD19FB2C2500C56F58 /* ViewController.m */; };
		7740FDB119FB2C2500C56F58 /* Main.storyboard in Resources */ = {isa = PBXBuildFile; fileRef = 7740FDAF19FB2C2500C56F58 /* Main.storyboard */; };
		7740FDB319FB2C2500C56F58 /* Images.xcassets in Resources */ = {isa = PBXBuildFile; fileRef = 7740FDB219FB2C2500C56F58 /* Images.xcassets */; };
		7740FDB619FB2C2500C56F58 /* LaunchScreen.xib in Resources */ = {isa = PBXBuildFile; fileRef = 7740FDB419FB2C2500C56F58 /* LaunchScreen.xib */; };
		7740FDC219FB2C2500C56F58 /* RKGetTimeLineTests.m in Sources */ = {isa = PBXBuildFile; fileRef = 7740FDC119FB2C2500C56F58 /* RKGetTimeLineTests.m */; };
		7740FDD619FB3AB100C56F58 /* RKGetFacebookTimeLine.m in Sources */ = {isa = PBXBuildFile; fileRef = 7740FDD519FB3AB100C56F58 /* RKGetFacebookTimeLine.m */; };
		7741D7A71A1C91DE0077CE19 /* GetInformation.m in Sources */ = {isa = PBXBuildFile; fileRef = 7741D7A61A1C91DE0077CE19 /* GetInformation.m */; };
		775A0F2B1A0CE530005AC919 /* RKDataDownloader.m in Sources */ = {isa = PBXBuildFile; fileRef = 775A0F2A1A0CE530005AC919 /* RKDataDownloader.m */; };
		7763A6271A137F9E00CF4E60 /* DataLifeTime.m in Sources */ = {isa = PBXBuildFile; fileRef = 7763A6221A137F9E00CF4E60 /* DataLifeTime.m */; };
		7763A6281A137F9E00CF4E60 /* ManageCoreData.m in Sources */ = {isa = PBXBuildFile; fileRef = 7763A6241A137F9E00CF4E60 /* ManageCoreData.m */; };
		7763A6291A137F9E00CF4E60 /* RKDataLifeTimeModel.xcdatamodeld in Sources */ = {isa = PBXBuildFile; fileRef = 7763A6251A137F9E00CF4E60 /* RKDataLifeTimeModel.xcdatamodeld */; };
		7792F57919FBFCB400505445 /* RKGetTwitterTimeLine.m in Sources */ = {isa = PBXBuildFile; fileRef = 7792F57819FBFCB400505445 /* RKGetTwitterTimeLine.m */; };
/* End PBXBuildFile section */

/* Begin PBXContainerItemProxy section */
		7740FDBC19FB2C2500C56F58 /* PBXContainerItemProxy */ = {
			isa = PBXContainerItemProxy;
			containerPortal = 7740FD9A19FB2C2500C56F58 /* Project object */;
			proxyType = 1;
			remoteGlobalIDString = 7740FDA119FB2C2500C56F58;
			remoteInfo = RKGetTimeLine;
		};
/* End PBXContainerItemProxy section */

/* Begin PBXFileReference section */
		771C4A091A18D1FA004F4358 /* GetAllTimeLine.h */ = {isa = PBXFileReference; fileEncoding = 4; lastKnownFileType = sourcecode.c.h; path = GetAllTimeLine.h; sourceTree = "<group>"; };
		771C4A0A1A18D1FA004F4358 /* GetAllTimeLine.m */ = {isa = PBXFileReference; fileEncoding = 4; lastKnownFileType = sourcecode.c.objc; path = GetAllTimeLine.m; sourceTree = "<group>"; };
		7740FDA219FB2C2500C56F58 /* RKGetTimeLine.app */ = {isa = PBXFileReference; explicitFileType = wrapper.application; includeInIndex = 0; path = RKGetTimeLine.app; sourceTree = BUILT_PRODUCTS_DIR; };
		7740FDA619FB2C2500C56F58 /* Info.plist */ = {isa = PBXFileReference; lastKnownFileType = text.plist.xml; path = Info.plist; sourceTree = "<group>"; };
		7740FDA719FB2C2500C56F58 /* main.m */ = {isa = PBXFileReference; lastKnownFileType = sourcecode.c.objc; path = main.m; sourceTree = "<group>"; };
		7740FDA919FB2C2500C56F58 /* AppDelegate.h */ = {isa = PBXFileReference; lastKnownFileType = sourcecode.c.h; path = AppDelegate.h; sourceTree = "<group>"; };
		7740FDAA19FB2C2500C56F58 /* AppDelegate.m */ = {isa = PBXFileReference; lastKnownFileType = sourcecode.c.objc; path = AppDelegate.m; sourceTree = "<group>"; };
		7740FDAC19FB2C2500C56F58 /* ViewController.h */ = {isa = PBXFileReference; lastKnownFileType = sourcecode.c.h; path = ViewController.h; sourceTree = "<group>"; };
		7740FDAD19FB2C2500C56F58 /* ViewController.m */ = {isa = PBXFileReference; lastKnownFileType = sourcecode.c.objc; path = ViewController.m; sourceTree = "<group>"; };
		7740FDB019FB2C2500C56F58 /* Base */ = {isa = PBXFileReference; lastKnownFileType = file.storyboard; name = Base; path = Base.lproj/Main.storyboard; sourceTree = "<group>"; };
		7740FDB219FB2C2500C56F58 /* Images.xcassets */ = {isa = PBXFileReference; lastKnownFileType = folder.assetcatalog; path = Images.xcassets; sourceTree = "<group>"; };
		7740FDB519FB2C2500C56F58 /* Base */ = {isa = PBXFileReference; lastKnownFileType = file.xib; name = Base; path = Base.lproj/LaunchScreen.xib; sourceTree = "<group>"; };
		7740FDBB19FB2C2500C56F58 /* RKGetTimeLineTests.xctest */ = {isa = PBXFileReference; explicitFileType = wrapper.cfbundle; includeInIndex = 0; path = RKGetTimeLineTests.xctest; sourceTree = BUILT_PRODUCTS_DIR; };
		7740FDC019FB2C2500C56F58 /* Info.plist */ = {isa = PBXFileReference; lastKnownFileType = text.plist.xml; path = Info.plist; sourceTree = "<group>"; };
		7740FDC119FB2C2500C56F58 /* RKGetTimeLineTests.m */ = {isa = PBXFileReference; lastKnownFileType = sourcecode.c.objc; path = RKGetTimeLineTests.m; sourceTree = "<group>"; };
		7740FDD419FB3AB100C56F58 /* RKGetFacebookTimeLine.h */ = {isa = PBXFileReference; fileEncoding = 4; lastKnownFileType = sourcecode.c.h; path = RKGetFacebookTimeLine.h; sourceTree = "<group>"; };
		7740FDD519FB3AB100C56F58 /* RKGetFacebookTimeLine.m */ = {isa = PBXFileReference; fileEncoding = 4; lastKnownFileType = sourcecode.c.objc; path = RKGetFacebookTimeLine.m; sourceTree = "<group>"; };
		7741D7A51A1C91DE0077CE19 /* GetInformation.h */ = {isa = PBXFileReference; fileEncoding = 4; lastKnownFileType = sourcecode.c.h; path = GetInformation.h; sourceTree = "<group>"; };
		7741D7A61A1C91DE0077CE19 /* GetInformation.m */ = {isa = PBXFileReference; fileEncoding = 4; lastKnownFileType = sourcecode.c.objc; path = GetInformation.m; sourceTree = "<group>"; };
		775A0F291A0CE530005AC919 /* RKDataDownloader.h */ = {isa = PBXFileReference; fileEncoding = 4; lastKnownFileType = sourcecode.c.h; path = RKDataDownloader.h; sourceTree = "<group>"; };
		775A0F2A1A0CE530005AC919 /* RKDataDownloader.m */ = {isa = PBXFileReference; fileEncoding = 4; lastKnownFileType = sourcecode.c.objc; path = RKDataDownloader.m; sourceTree = "<group>"; };
		7763A6211A137F9E00CF4E60 /* DataLifeTime.h */ = {isa = PBXFileReference; fileEncoding = 4; lastKnownFileType = sourcecode.c.h; path = DataLifeTime.h; sourceTree = "<group>"; };
		7763A6221A137F9E00CF4E60 /* DataLifeTime.m */ = {isa = PBXFileReference; fileEncoding = 4; lastKnownFileType = sourcecode.c.objc; path = DataLifeTime.m; sourceTree = "<group>"; };
		7763A6231A137F9E00CF4E60 /* ManageCoreData.h */ = {isa = PBXFileReference; fileEncoding = 4; lastKnownFileType = sourcecode.c.h; path = ManageCoreData.h; sourceTree = "<group>"; };
		7763A6241A137F9E00CF4E60 /* ManageCoreData.m */ = {isa = PBXFileReference; fileEncoding = 4; lastKnownFileType = sourcecode.c.objc; path = ManageCoreData.m; sourceTree = "<group>"; };
		7763A6261A137F9E00CF4E60 /* RKDataLifeTimeModel.xcdatamodel */ = {isa = PBXFileReference; lastKnownFileType = wrapper.xcdatamodel; path = RKDataLifeTimeModel.xcdatamodel; sourceTree = "<group>"; };
		7792F57719FBFCB400505445 /* RKGetTwitterTimeLine.h */ = {isa = PBXFileReference; fileEncoding = 4; lastKnownFileType = sourcecode.c.h; path = RKGetTwitterTimeLine.h; sourceTree = "<group>"; };
		7792F57819FBFCB400505445 /* RKGetTwitterTimeLine.m */ = {isa = PBXFileReference; fileEncoding = 4; lastKnownFileType = sourcecode.c.objc; path = RKGetTwitterTimeLine.m; sourceTree = "<group>"; };
/* End PBXFileReference section */

/* Begin PBXFrameworksBuildPhase section */
		7740FD9F19FB2C2500C56F58 /* Frameworks */ = {
			isa = PBXFrameworksBuildPhase;
			buildActionMask = 2147483647;
			files = (
			);
			runOnlyForDeploymentPostprocessing = 0;
		};
		7740FDB819FB2C2500C56F58 /* Frameworks */ = {
			isa = PBXFrameworksBuildPhase;
			buildActionMask = 2147483647;
			files = (
			);
			runOnlyForDeploymentPostprocessing = 0;
		};
/* End PBXFrameworksBuildPhase section */

/* Begin PBXGroup section */
		7740FD9919FB2C2500C56F58 = {
			isa = PBXGroup;
			children = (
				7740FDA419FB2C2500C56F58 /* RKGetTimeLine */,
				7740FDBE19FB2C2500C56F58 /* RKGetTimeLineTests */,
				7740FDA319FB2C2500C56F58 /* Products */,
			);
			sourceTree = "<group>";
		};
		7740FDA319FB2C2500C56F58 /* Products */ = {
			isa = PBXGroup;
			children = (
				7740FDA219FB2C2500C56F58 /* RKGetTimeLine.app */,
				7740FDBB19FB2C2500C56F58 /* RKGetTimeLineTests.xctest */,
			);
			name = Products;
			sourceTree = "<group>";
		};
		7740FDA419FB2C2500C56F58 /* RKGetTimeLine */ = {
			isa = PBXGroup;
			children = (
				7740FDD719FB46FC00C56F58 /* GetClass */,
				7740FDA919FB2C2500C56F58 /* AppDelegate.h */,
				7740FDAA19FB2C2500C56F58 /* AppDelegate.m */,
				7740FDAC19FB2C2500C56F58 /* ViewController.h */,
				7740FDAD19FB2C2500C56F58 /* ViewController.m */,
				7740FDAF19FB2C2500C56F58 /* Main.storyboard */,
				7740FDB219FB2C2500C56F58 /* Images.xcassets */,
				7740FDB419FB2C2500C56F58 /* LaunchScreen.xib */,
				7740FDA519FB2C2500C56F58 /* Supporting Files */,
			);
			path = RKGetTimeLine;
			sourceTree = "<group>";
		};
		7740FDA519FB2C2500C56F58 /* Supporting Files */ = {
			isa = PBXGroup;
			children = (
				7740FDA619FB2C2500C56F58 /* Info.plist */,
				7740FDA719FB2C2500C56F58 /* main.m */,
			);
			name = "Supporting Files";
			sourceTree = "<group>";
		};
		7740FDBE19FB2C2500C56F58 /* RKGetTimeLineTests */ = {
			isa = PBXGroup;
			children = (
				7740FDC119FB2C2500C56F58 /* RKGetTimeLineTests.m */,
				7740FDBF19FB2C2500C56F58 /* Supporting Files */,
			);
			path = RKGetTimeLineTests;
			sourceTree = "<group>";
		};
		7740FDBF19FB2C2500C56F58 /* Supporting Files */ = {
			isa = PBXGroup;
			children = (
				7740FDC019FB2C2500C56F58 /* Info.plist */,
			);
			name = "Supporting Files";
			sourceTree = "<group>";
		};
		7740FDD719FB46FC00C56F58 /* GetClass */ = {
			isa = PBXGroup;
			children = (
				7741D7A51A1C91DE0077CE19 /* GetInformation.h */,
				7741D7A61A1C91DE0077CE19 /* GetInformation.m */,
				7763A62A1A137FA800CF4E60 /* CoreData */,
				774D91FE1A06534A00EA4A9A /* Downloader */,
				7763A6201A137F6900CF4E60 /* Get_timeline */,
			);
			name = GetClass;
			path = ..;
			sourceTree = "<group>";
		};
		774D91FE1A06534A00EA4A9A /* Downloader */ = {
			isa = PBXGroup;
			children = (
				775A0F291A0CE530005AC919 /* RKDataDownloader.h */,
				775A0F2A1A0CE530005AC919 /* RKDataDownloader.m */,
			);
			name = Downloader;
			sourceTree = "<group>";
		};
		7763A6201A137F6900CF4E60 /* Get_timeline */ = {
			isa = PBXGroup;
			children = (
				771C4A091A18D1FA004F4358 /* GetAllTimeLine.h */,
				771C4A0A1A18D1FA004F4358 /* GetAllTimeLine.m */,
				7740FDD419FB3AB100C56F58 /* RKGetFacebookTimeLine.h */,
				7740FDD519FB3AB100C56F58 /* RKGetFacebookTimeLine.m */,
				7792F57719FBFCB400505445 /* RKGetTwitterTimeLine.h */,
				7792F57819FBFCB400505445 /* RKGetTwitterTimeLine.m */,
			);
			name = Get_timeline;
			sourceTree = "<group>";
		};
		7763A62A1A137FA800CF4E60 /* CoreData */ = {
			isa = PBXGroup;
			children = (
				7763A6211A137F9E00CF4E60 /* DataLifeTime.h */,
				7763A6221A137F9E00CF4E60 /* DataLifeTime.m */,
				7763A6231A137F9E00CF4E60 /* ManageCoreData.h */,
				7763A6241A137F9E00CF4E60 /* ManageCoreData.m */,
				7763A6251A137F9E00CF4E60 /* RKDataLifeTimeModel.xcdatamodeld */,
			);
			name = CoreData;
			sourceTree = "<group>";
		};
/* End PBXGroup section */

/* Begin PBXNativeTarget section */
		7740FDA119FB2C2500C56F58 /* RKGetTimeLine */ = {
			isa = PBXNativeTarget;
			buildConfigurationList = 7740FDC519FB2C2500C56F58 /* Build configuration list for PBXNativeTarget "RKGetTimeLine" */;
			buildPhases = (
				7740FD9E19FB2C2500C56F58 /* Sources */,
				7740FD9F19FB2C2500C56F58 /* Frameworks */,
				7740FDA019FB2C2500C56F58 /* Resources */,
			);
			buildRules = (
			);
			dependencies = (
			);
			name = RKGetTimeLine;
			productName = RKGetTimeLine;
			productReference = 7740FDA219FB2C2500C56F58 /* RKGetTimeLine.app */;
			productType = "com.apple.product-type.application";
		};
		7740FDBA19FB2C2500C56F58 /* RKGetTimeLineTests */ = {
			isa = PBXNativeTarget;
			buildConfigurationList = 7740FDC819FB2C2500C56F58 /* Build configuration list for PBXNativeTarget "RKGetTimeLineTests" */;
			buildPhases = (
				7740FDB719FB2C2500C56F58 /* Sources */,
				7740FDB819FB2C2500C56F58 /* Frameworks */,
				7740FDB919FB2C2500C56F58 /* Resources */,
			);
			buildRules = (
			);
			dependencies = (
				7740FDBD19FB2C2500C56F58 /* PBXTargetDependency */,
			);
			name = RKGetTimeLineTests;
			productName = RKGetTimeLineTests;
			productReference = 7740FDBB19FB2C2500C56F58 /* RKGetTimeLineTests.xctest */;
			productType = "com.apple.product-type.bundle.unit-test";
		};
/* End PBXNativeTarget section */

/* Begin PBXProject section */
		7740FD9A19FB2C2500C56F58 /* Project object */ = {
			isa = PBXProject;
			attributes = {
				LastUpgradeCheck = 0610;
				ORGANIZATIONNAME = RyousukeKushihata;
				TargetAttributes = {
					7740FDA119FB2C2500C56F58 = {
						CreatedOnToolsVersion = 6.1;
					};
					7740FDBA19FB2C2500C56F58 = {
						CreatedOnToolsVersion = 6.1;
						TestTargetID = 7740FDA119FB2C2500C56F58;
					};
				};
			};
			buildConfigurationList = 7740FD9D19FB2C2500C56F58 /* Build configuration list for PBXProject "RKGetTimeLine" */;
			compatibilityVersion = "Xcode 3.2";
			developmentRegion = English;
			hasScannedForEncodings = 0;
			knownRegions = (
				en,
				Base,
			);
			mainGroup = 7740FD9919FB2C2500C56F58;
			productRefGroup = 7740FDA319FB2C2500C56F58 /* Products */;
			projectDirPath = "";
			projectRoot = "";
			targets = (
				7740FDA119FB2C2500C56F58 /* RKGetTimeLine */,
				7740FDBA19FB2C2500C56F58 /* RKGetTimeLineTests */,
			);
		};
/* End PBXProject section */

/* Begin PBXResourcesBuildPhase section */
		7740FDA019FB2C2500C56F58 /* Resources */ = {
			isa = PBXResourcesBuildPhase;
			buildActionMask = 2147483647;
			files = (
				7740FDB119FB2C2500C56F58 /* Main.storyboard in Resources */,
				7740FDB619FB2C2500C56F58 /* LaunchScreen.xib in Resources */,
				7740FDB319FB2C2500C56F58 /* Images.xcassets in Resources */,
			);
			runOnlyForDeploymentPostprocessing = 0;
		};
		7740FDB919FB2C2500C56F58 /* Resources */ = {
			isa = PBXResourcesBuildPhase;
			buildActionMask = 2147483647;
			files = (
			);
			runOnlyForDeploymentPostprocessing = 0;
		};
/* End PBXResourcesBuildPhase section */

/* Begin PBXSourcesBuildPhase section */
		7740FD9E19FB2C2500C56F58 /* Sources */ = {
			isa = PBXSourcesBuildPhase;
			buildActionMask = 2147483647;
			files = (
				7763A6271A137F9E00CF4E60 /* DataLifeTime.m in Sources */,
				7740FDAE19FB2C2500C56F58 /* ViewController.m in Sources */,
				7740FDAB19FB2C2500C56F58 /* AppDelegate.m in Sources */,
				7792F57919FBFCB400505445 /* RKGetTwitterTimeLine.m in Sources */,
				775A0F2B1A0CE530005AC919 /* RKDataDownloader.m in Sources */,
				7763A6291A137F9E00CF4E60 /* RKDataLifeTimeModel.xcdatamodeld in Sources */,
				7740FDA819FB2C2500C56F58 /* main.m in Sources */,
				771C4A0B1A18D1FA004F4358 /* GetAllTimeLine.m in Sources */,
				7741D7A71A1C91DE0077CE19 /* GetInformation.m in Sources */,
				7740FDD619FB3AB100C56F58 /* RKGetFacebookTimeLine.m in Sources */,
				7763A6281A137F9E00CF4E60 /* ManageCoreData.m in Sources */,
			);
			runOnlyForDeploymentPostprocessing = 0;
		};
		7740FDB719FB2C2500C56F58 /* Sources */ = {
			isa = PBXSourcesBuildPhase;
			buildActionMask = 2147483647;
			files = (
				7740FDC219FB2C2500C56F58 /* RKGetTimeLineTests.m in Sources */,
			);
			runOnlyForDeploymentPostprocessing = 0;
		};
/* End PBXSourcesBuildPhase section */

/* Begin PBXTargetDependency section */
		7740FDBD19FB2C2500C56F58 /* PBXTargetDependency */ = {
			isa = PBXTargetDependency;
			target = 7740FDA119FB2C2500C56F58 /* RKGetTimeLine */;
			targetProxy = 7740FDBC19FB2C2500C56F58 /* PBXContainerItemProxy */;
		};
/* End PBXTargetDependency section */

/* Begin PBXVariantGroup section */
		7740FDAF19FB2C2500C56F58 /* Main.storyboard */ = {
			isa = PBXVariantGroup;
			children = (
				7740FDB019FB2C2500C56F58 /* Base */,
			);
			name = Main.storyboard;
			sourceTree = "<group>";
		};
		7740FDB419FB2C2500C56F58 /* LaunchScreen.xib */ = {
			isa = PBXVariantGroup;
			children = (
				7740FDB519FB2C2500C56F58 /* Base */,
			);
			name = LaunchScreen.xib;
			sourceTree = "<group>";
		};
/* End PBXVariantGroup section */

/* Begin XCBuildConfiguration section */
		7740FDC319FB2C2500C56F58 /* Debug */ = {
			isa = XCBuildConfiguration;
			buildSettings = {
				ALWAYS_SEARCH_USER_PATHS = NO;
				CLANG_CXX_LANGUAGE_STANDARD = "gnu++0x";
				CLANG_CXX_LIBRARY = "libc++";
				CLANG_ENABLE_MODULES = YES;
				CLANG_ENABLE_OBJC_ARC = YES;
				CLANG_WARN_BOOL_CONVERSION = YES;
				CLANG_WARN_CONSTANT_CONVERSION = YES;
				CLANG_WARN_DIRECT_OBJC_ISA_USAGE = YES_ERROR;
				CLANG_WARN_EMPTY_BODY = YES;
				CLANG_WARN_ENUM_CONVERSION = YES;
				CLANG_WARN_INT_CONVERSION = YES;
				CLANG_WARN_OBJC_ROOT_CLASS = YES_ERROR;
				CLANG_WARN_UNREACHABLE_CODE = YES;
				CLANG_WARN__DUPLICATE_METHOD_MATCH = YES;
				"CODE_SIGN_IDENTITY[sdk=iphoneos*]" = "iPhone Developer";
				COPY_PHASE_STRIP = NO;
				ENABLE_STRICT_OBJC_MSGSEND = YES;
				GCC_C_LANGUAGE_STANDARD = gnu99;
				GCC_DYNAMIC_NO_PIC = NO;
				GCC_OPTIMIZATION_LEVEL = 0;
				GCC_PREPROCESSOR_DEFINITIONS = (
					"DEBUG=1",
					"$(inherited)",
				);
				GCC_SYMBOLS_PRIVATE_EXTERN = NO;
				GCC_WARN_64_TO_32_BIT_CONVERSION = YES;
				GCC_WARN_ABOUT_RETURN_TYPE = YES_ERROR;
				GCC_WARN_UNDECLARED_SELECTOR = YES;
				GCC_WARN_UNINITIALIZED_AUTOS = YES_AGGRESSIVE;
				GCC_WARN_UNUSED_FUNCTION = YES;
				GCC_WARN_UNUSED_VARIABLE = YES;
				IPHONEOS_DEPLOYMENT_TARGET = 8.1;
				MTL_ENABLE_DEBUG_INFO = YES;
				ONLY_ACTIVE_ARCH = YES;
				SDKROOT = iphoneos;
				TARGETED_DEVICE_FAMILY = "1,2";
			};
			name = Debug;
		};
		7740FDC419FB2C2500C56F58 /* Release */ = {
			isa = XCBuildConfiguration;
			buildSettings = {
				ALWAYS_SEARCH_USER_PATHS = NO;
				CLANG_CXX_LANGUAGE_STANDARD = "gnu++0x";
				CLANG_CXX_LIBRARY = "libc++";
				CLANG_ENABLE_MODULES = YES;
				CLANG_ENABLE_OBJC_ARC = YES;
				CLANG_WARN_BOOL_CONVERSION = YES;
				CLANG_WARN_CONSTANT_CONVERSION = YES;
				CLANG_WARN_DIRECT_OBJC_ISA_USAGE = YES_ERROR;
				CLANG_WARN_EMPTY_BODY = YES;
				CLANG_WARN_ENUM_CONVERSION = YES;
				CLANG_WARN_INT_CONVERSION = YES;
				CLANG_WARN_OBJC_ROOT_CLASS = YES_ERROR;
				CLANG_WARN_UNREACHABLE_CODE = YES;
				CLANG_WARN__DUPLICATE_METHOD_MATCH = YES;
				"CODE_SIGN_IDENTITY[sdk=iphoneos*]" = "iPhone Developer";
				COPY_PHASE_STRIP = YES;
				ENABLE_NS_ASSERTIONS = NO;
				ENABLE_STRICT_OBJC_MSGSEND = YES;
				GCC_C_LANGUAGE_STANDARD = gnu99;
				GCC_WARN_64_TO_32_BIT_CONVERSION = YES;
				GCC_WARN_ABOUT_RETURN_TYPE = YES_ERROR;
				GCC_WARN_UNDECLARED_SELECTOR = YES;
				GCC_WARN_UNINITIALIZED_AUTOS = YES_AGGRESSIVE;
				GCC_WARN_UNUSED_FUNCTION = YES;
				GCC_WARN_UNUSED_VARIABLE = YES;
				IPHONEOS_DEPLOYMENT_TARGET = 8.1;
				MTL_ENABLE_DEBUG_INFO = NO;
				SDKROOT = iphoneos;
				TARGETED_DEVICE_FAMILY = "1,2";
				VALIDATE_PRODUCT = YES;
			};
			name = Release;
		};
		7740FDC619FB2C2500C56F58 /* Debug */ = {
			isa = XCBuildConfiguration;
			buildSettings = {
				ASSETCATALOG_COMPILER_APPICON_NAME = AppIcon;
				INFOPLIST_FILE = RKGetTimeLine/Info.plist;
				LD_RUNPATH_SEARCH_PATHS = "$(inherited) @executable_path/Frameworks";
				PRODUCT_NAME = "$(TARGET_NAME)";
			};
			name = Debug;
		};
		7740FDC719FB2C2500C56F58 /* Release */ = {
			isa = XCBuildConfiguration;
			buildSettings = {
				ASSETCATALOG_COMPILER_APPICON_NAME = AppIcon;
				INFOPLIST_FILE = RKGetTimeLine/Info.plist;
				LD_RUNPATH_SEARCH_PATHS = "$(inherited) @executable_path/Frameworks";
				PRODUCT_NAME = "$(TARGET_NAME)";
			};
			name = Release;
		};
		7740FDC919FB2C2500C56F58 /* Debug */ = {
			isa = XCBuildConfiguration;
			buildSettings = {
				BUNDLE_LOADER = "$(TEST_HOST)";
				FRAMEWORK_SEARCH_PATHS = (
					"$(SDKROOT)/Developer/Library/Frameworks",
					"$(inherited)",
				);
				GCC_PREPROCESSOR_DEFINITIONS = (
					"DEBUG=1",
					"$(inherited)",
				);
				INFOPLIST_FILE = RKGetTimeLineTests/Info.plist;
				LD_RUNPATH_SEARCH_PATHS = "$(inherited) @executable_path/Frameworks @loader_path/Frameworks";
				PRODUCT_NAME = "$(TARGET_NAME)";
				TEST_HOST = "$(BUILT_PRODUCTS_DIR)/RKGetTimeLine.app/RKGetTimeLine";
			};
			name = Debug;
		};
		7740FDCA19FB2C2500C56F58 /* Release */ = {
			isa = XCBuildConfiguration;
			buildSettings = {
				BUNDLE_LOADER = "$(TEST_HOST)";
				FRAMEWORK_SEARCH_PATHS = (
					"$(SDKROOT)/Developer/Library/Frameworks",
					"$(inherited)",
				);
				INFOPLIST_FILE = RKGetTimeLineTests/Info.plist;
				LD_RUNPATH_SEARCH_PATHS = "$(inherited) @executable_path/Frameworks @loader_path/Frameworks";
				PRODUCT_NAME = "$(TARGET_NAME)";
				TEST_HOST = "$(BUILT_PRODUCTS_DIR)/RKGetTimeLine.app/RKGetTimeLine";
			};
			name = Release;
		};
/* End XCBuildConfiguration section */

/* Begin XCConfigurationList section */
		7740FD9D19FB2C2500C56F58 /* Build configuration list for PBXProject "RKGetTimeLine" */ = {
			isa = XCConfigurationList;
			buildConfigurations = (
				7740FDC319FB2C2500C56F58 /* Debug */,
				7740FDC419FB2C2500C56F58 /* Release */,
			);
			defaultConfigurationIsVisible = 0;
			defaultConfigurationName = Release;
		};
		7740FDC519FB2C2500C56F58 /* Build configuration list for PBXNativeTarget "RKGetTimeLine" */ = {
			isa = XCConfigurationList;
			buildConfigurations = (
				7740FDC619FB2C2500C56F58 /* Debug */,
				7740FDC719FB2C2500C56F58 /* Release */,
			);
			defaultConfigurationIsVisible = 0;
			defaultConfigurationName = Release;
		};
		7740FDC819FB2C2500C56F58 /* Build configuration list for PBXNativeTarget "RKGetTimeLineTests" */ = {
			isa = XCConfigurationList;
			buildConfigurations = (
				7740FDC919FB2C2500C56F58 /* Debug */,
				7740FDCA19FB2C2500C56F58 /* Release */,
			);
			defaultConfigurationIsVisible = 0;
			defaultConfigurationName = Release;
		};
/* End XCConfigurationList section */

/* Begin XCVersionGroup section */
		7763A6251A137F9E00CF4E60 /* RKDataLifeTimeModel.xcdatamodeld */ = {
			isa = XCVersionGroup;
			children = (
				7763A6261A137F9E00CF4E60 /* RKDataLifeTimeModel.xcdatamodel */,
			);
			currentVersion = 7763A6261A137F9E00CF4E60 /* RKDataLifeTimeModel.xcdatamodel */;
			path = RKDataLifeTimeModel.xcdatamodeld;
			sourceTree = "<group>";
			versionGroupType = wrapper.xcdatamodel;
		};
/* End XCVersionGroup section */
	};
	rootObject = 7740FD9A19FB2C2500C56F58 /* Project object */;
}
